
Microsoft Visual Studio Solution File, Format Version 12.00
# Visual Studio Version 17
VisualStudioVersion = 17.4.33213.308
MinimumVisualStudioVersion = 10.0.40219.1
Project("{8BC9CEB8-8B4A-11D0-8D11-00A0C91BC942}") = "OS_proj", "OS_proj.vcxproj", "{7FB05DF6-458A-49DF-9235-985F17B3900B}"
EndProject
Global
	GlobalSection(SolutionConfigurationPlatforms) = preSolution
		Debug|x64 = Debug|x64
		Debug|x86 = Debug|x86
		Release|x64 = Release|x64
		Release|x86 = Release|x86
	EndGlobalSection
	GlobalSection(ProjectConfigurationPlatforms) = postSolution
		{7FB05DF6-458A-49DF-9235-985F17B3900B}.Debug|x64.ActiveCfg = Debug|x64
		{7FB05DF6-458A-49DF-9235-985F17B3900B}.Debug|x64.Build.0 = Debug|x64
		{7FB05DF6-458A-49DF-9235-985F17B3900B}.Debug|x86.ActiveCfg = Debug|Win32
		{7FB05DF6-458A-49DF-9235-985F17B3900B}.Debug|x86.Build.0 = Debug|Win32
		{7FB05DF6-458A-49DF-9235-985F17B3900B}.Release|x64.ActiveCfg = Release|x64
		{7FB05DF6-458A-49DF-9235-985F17B3900B}.Release|x64.Build.0 = Release|x64
		{7FB05DF6-458A-49DF-9235-985F17B3900B}.Release|x86.ActiveCfg = Release|Win32
		{7FB05DF6-458A-49DF-9235-985F17B3900B}.Release|x86.Build.0 = Release|Win32
	EndGlobalSection
	GlobalSection(SolutionProperties) = preSolution
		HideSolutionNode = FALSE
	EndGlobalSection
	GlobalSection(ExtensibilityGlobals) = postSolution
		SolutionGuid = {A67E1702-E592-47F1-B457-08A348B4EB0A}
	EndGlobalSection
EndGlobal
